
Microsoft Visual Studio Solution File, Format Version 12.00
# Visual Studio 15
Project("{FAE04EC0-301F-11D3-BF4B-00C04F79EFBC}") = "Assembly-CSharp", "Assembly-CSharp.csproj", "{01E368D8-1FDA-3DBF-A5EC-A3295C482ADB}"
EndProject
Global
	GlobalSection(SolutionConfigurationPlatforms) = preSolution
		Debug|Any CPU = Debug|Any CPU
		Release|Any CPU = Release|Any CPU
	EndGlobalSection
	GlobalSection(ProjectConfigurationPlatforms) = postSolution
		{01E368D8-1FDA-3DBF-A5EC-A3295C482ADB}.Debug|Any CPU.ActiveCfg = Debug|Any CPU
		{01E368D8-1FDA-3DBF-A5EC-A3295C482ADB}.Debug|Any CPU.Build.0 = Debug|Any CPU
		{01E368D8-1FDA-3DBF-A5EC-A3295C482ADB}.Release|Any CPU.ActiveCfg = Release|Any CPU
		{01E368D8-1FDA-3DBF-A5EC-A3295C482ADB}.Release|Any CPU.Build.0 = Release|Any CPU
	EndGlobalSection
	GlobalSection(SolutionProperties) = preSolution
		HideSolutionNode = FALSE
	EndGlobalSection
EndGlobal
